
Microsoft Visual Studio Solution File, Format Version 12.00
# Visual Studio Version 16
VisualStudioVersion = 16.0.31729.503
MinimumVisualStudioVersion = 10.0.40219.1
Project("{FAE04EC0-301F-11D3-BF4B-00C04F79EFBC}") = "WindowsFormsApp1", "WindowsFormsApp1.csproj", "{704F62C3-10DD-40B0-AFEA-E9F41FC26C4B}"
EndProject
Global
	GlobalSection(SolutionConfigurationPlatforms) = preSolution
		Debug|Any CPU = Debug|Any CPU
		Release|Any CPU = Release|Any CPU
	EndGlobalSection
	GlobalSection(ProjectConfigurationPlatforms) = postSolution
		{704F62C3-10DD-40B0-AFEA-E9F41FC26C4B}.Debug|Any CPU.ActiveCfg = Debug|Any CPU
		{704F62C3-10DD-40B0-AFEA-E9F41FC26C4B}.Debug|Any CPU.Build.0 = Debug|Any CPU
		{704F62C3-10DD-40B0-AFEA-E9F41FC26C4B}.Release|Any CPU.ActiveCfg = Release|Any CPU
		{704F62C3-10DD-40B0-AFEA-E9F41FC26C4B}.Release|Any CPU.Build.0 = Release|Any CPU
	EndGlobalSection
	GlobalSection(SolutionProperties) = preSolution
		HideSolutionNode = FALSE
	EndGlobalSection
	GlobalSection(ExtensibilityGlobals) = postSolution
		SolutionGuid = {30A17B7F-7353-4813-8CAB-C0677DD6B0D5}
	EndGlobalSection
EndGlobal
